
Microsoft Visual Studio Solution File, Format Version 12.00
# Visual Studio Version 17
VisualStudioVersion = 17.5.002.0
MinimumVisualStudioVersion = 10.0.40219.1
Project("{9A19103F-16F7-4668-BE54-9A1E7A4F7556}") = "RubberDuckStore", "RubberDuckStore\RubberDuckStore.csproj", "{F1823B2E-7C1B-4755-AFAB-D74DB9EED8D3}"
EndProject
Global
	GlobalSection(SolutionConfigurationPlatforms) = preSolution
		Debug|Any CPU = Debug|Any CPU
		Release|Any CPU = Release|Any CPU
	EndGlobalSection
	GlobalSection(ProjectConfigurationPlatforms) = postSolution
		{F1823B2E-7C1B-4755-AFAB-D74DB9EED8D3}.Debug|Any CPU.ActiveCfg = Debug|Any CPU
		{F1823B2E-7C1B-4755-AFAB-D74DB9EED8D3}.Debug|Any CPU.Build.0 = Debug|Any CPU
		{F1823B2E-7C1B-4755-AFAB-D74DB9EED8D3}.Release|Any CPU.ActiveCfg = Release|Any CPU
		{F1823B2E-7C1B-4755-AFAB-D74DB9EED8D3}.Release|Any CPU.Build.0 = Release|Any CPU
	EndGlobalSection
	GlobalSection(SolutionProperties) = preSolution
		HideSolutionNode = FALSE
	EndGlobalSection
	GlobalSection(ExtensibilityGlobals) = postSolution
		SolutionGuid = {A2C61D47-3EC6-4A89-B8F5-9A4EC526C095}
	EndGlobalSection
EndGlobal
